
Microsoft Visual Studio Solution File, Format Version 12.00
# Visual Studio Version 17
VisualStudioVersion = 17.9.34728.123
MinimumVisualStudioVersion = 10.0.40219.1
Project("{FAE04EC0-301F-11D3-BF4B-00C04F79EFBC}") = "PremierLeagueManagerApp", "PremierLeagueManagerApp\PremierLeagueManagerApp.csproj", "{AD382F4C-2C0D-489C-927B-769FCC0CE2A9}"
EndProject
Global
	GlobalSection(SolutionConfigurationPlatforms) = preSolution
		Debug|Any CPU = Debug|Any CPU
		Release|Any CPU = Release|Any CPU
	EndGlobalSection
	GlobalSection(ProjectConfigurationPlatforms) = postSolution
		{AD382F4C-2C0D-489C-927B-769FCC0CE2A9}.Debug|Any CPU.ActiveCfg = Debug|Any CPU
		{AD382F4C-2C0D-489C-927B-769FCC0CE2A9}.Debug|Any CPU.Build.0 = Debug|Any CPU
		{AD382F4C-2C0D-489C-927B-769FCC0CE2A9}.Release|Any CPU.ActiveCfg = Release|Any CPU
		{AD382F4C-2C0D-489C-927B-769FCC0CE2A9}.Release|Any CPU.Build.0 = Release|Any CPU
	EndGlobalSection
	GlobalSection(SolutionProperties) = preSolution
		HideSolutionNode = FALSE
	EndGlobalSection
	GlobalSection(ExtensibilityGlobals) = postSolution
		SolutionGuid = {C2A423B9-E996-4588-A1CF-6B6DF387F511}
	EndGlobalSection
EndGlobal
